
Microsoft Visual Studio Solution File, Format Version 12.00
# Visual Studio Version 17
VisualStudioVersion = 17.9.34607.119
MinimumVisualStudioVersion = 10.0.40219.1
Project("{FAE04EC0-301F-11D3-BF4B-00C04F79EFBC}") = "ExchangeRate", "ExchangeRate\ExchangeRate.csproj", "{A0F77238-1872-444F-B84B-227CE41DF863}"
EndProject
Global
	GlobalSection(SolutionConfigurationPlatforms) = preSolution
		Debug|Any CPU = Debug|Any CPU
		Release|Any CPU = Release|Any CPU
	EndGlobalSection
	GlobalSection(ProjectConfigurationPlatforms) = postSolution
		{A0F77238-1872-444F-B84B-227CE41DF863}.Debug|Any CPU.ActiveCfg = Debug|Any CPU
		{A0F77238-1872-444F-B84B-227CE41DF863}.Debug|Any CPU.Build.0 = Debug|Any CPU
		{A0F77238-1872-444F-B84B-227CE41DF863}.Release|Any CPU.ActiveCfg = Release|Any CPU
		{A0F77238-1872-444F-B84B-227CE41DF863}.Release|Any CPU.Build.0 = Release|Any CPU
	EndGlobalSection
	GlobalSection(SolutionProperties) = preSolution
		HideSolutionNode = FALSE
	EndGlobalSection
	GlobalSection(ExtensibilityGlobals) = postSolution
		SolutionGuid = {FC895AC2-B58C-4C37-8F05-E1DA02D5CE79}
	EndGlobalSection
EndGlobal
